Microsoft Visual Studio Solution File, Format Version 11.00
# Visual Studio 2008

Project("{6EA56C30-9F18-C199-F99C-7D91ACA2BB16}") = "Super-Hero-Ambient-master", "Assembly-CSharp-firstpass.csproj", "{4D2352E2-62EB-001A-D1C0-BE07A788ADA2}"
EndProject
Project("{6EA56C30-9F18-C199-F99C-7D91ACA2BB16}") = "Super-Hero-Ambient-master", "Assembly-CSharp.csproj", "{CE21502B-9A80-566F-AFD5-99660DCE2682}"
EndProject
Global
	GlobalSection(SolutionConfigurationPlatforms) = preSolution
		Debug|Any CPU = Debug|Any CPU
		Release|Any CPU = Release|Any CPU
	EndGlobalSection
	GlobalSection(ProjectConfigurationPlatforms) = postSolution
		{4D2352E2-62EB-001A-D1C0-BE07A788ADA2}.Debug|Any CPU.ActiveCfg = Debug|Any CPU
		{4D2352E2-62EB-001A-D1C0-BE07A788ADA2}.Debug|Any CPU.Build.0 = Debug|Any CPU
		{4D2352E2-62EB-001A-D1C0-BE07A788ADA2}.Release|Any CPU.ActiveCfg = Release|Any CPU
		{4D2352E2-62EB-001A-D1C0-BE07A788ADA2}.Release|Any CPU.Build.0 = Release|Any CPU
		{CE21502B-9A80-566F-AFD5-99660DCE2682}.Debug|Any CPU.ActiveCfg = Debug|Any CPU
		{CE21502B-9A80-566F-AFD5-99660DCE2682}.Debug|Any CPU.Build.0 = Debug|Any CPU
		{CE21502B-9A80-566F-AFD5-99660DCE2682}.Release|Any CPU.ActiveCfg = Release|Any CPU
		{CE21502B-9A80-566F-AFD5-99660DCE2682}.Release|Any CPU.Build.0 = Release|Any CPU
	EndGlobalSection
	GlobalSection(SolutionProperties) = preSolution
		HideSolutionNode = FALSE
	EndGlobalSection
						GlobalSection(MonoDevelopProperties) = preSolution
		StartupItem = Assembly-CSharp.csproj
		Policies = $0
		$0.TextStylePolicy = $1
		$1.inheritsSet = null
		$1.scope = text/x-csharp
		$0.CSharpFormattingPolicy = $2
		$2.inheritsSet = Mono
		$2.inheritsScope = text/x-csharp
		$2.scope = text/x-csharp
		$0.TextStylePolicy = $3
		$3.FileWidth = 120
		$3.TabWidth = 4
		$3.IndentWidth = 4
		$3.EolMarker = Unix
		$3.inheritsSet = Mono
		$3.inheritsScope = text/plain
		$3.scope = text/plain
	EndGlobalSection

EndGlobal
